// !$*UTF8*$!
{
	archiveVersion = 1;
	classes = {
	};
	objectVersion = 50;
	objects = {

/* Begin PBXBuildFile section */
		801F9BB225F20CBB00D7FB85 /* CoreDataContainer.swift in Sources */ = {isa = PBXBuildFile; fileRef = 801F9BB125F20CBB00D7FB85 /* CoreDataContainer.swift */; };
		801F9BB625F2149E00D7FB85 /* AlgoViewController.swift in Sources */ = {isa = PBXBuildFile; fileRef = 801F9BB525F2149E00D7FB85 /* AlgoViewController.swift */; };
		80F2FA4525F2A34F00CE39D2 /* TableViewCell.swift in Sources */ = {isa = PBXBuildFile; fileRef = 80F2FA4325F2A34F00CE39D2 /* TableViewCell.swift */; };
		80F2FA4625F2A34F00CE39D2 /* TableViewCell.xib in Resources */ = {isa = PBXBuildFile; fileRef = 80F2FA4425F2A34F00CE39D2 /* TableViewCell.xib */; };
		D45898D625F25A4900A36608 /* SceneDelegate.swift in Sources */ = {isa = PBXBuildFile; fileRef = D45898D525F25A4900A36608 /* SceneDelegate.swift */; };
		D45FAB2325EBA6300097994E /* DataModel.xcdatamodeld in Sources */ = {isa = PBXBuildFile; fileRef = D45FAB2125EBA6300097994E /* DataModel.xcdatamodeld */; };
		D46423F525EB75C900297DBF /* AppDelegate.swift in Sources */ = {isa = PBXBuildFile; fileRef = D46423F425EB75C900297DBF /* AppDelegate.swift */; };
		D46423F925EB75C900297DBF /* AlgorithmsListViewController.swift in Sources */ = {isa = PBXBuildFile; fileRef = D46423F825EB75C900297DBF /* AlgorithmsListViewController.swift */; };
		D46423FC25EB75C900297DBF /* Main.storyboard in Resources */ = {isa = PBXBuildFile; fileRef = D46423FA25EB75C900297DBF /* Main.storyboard */; };
		D46423FE25EB75CD00297DBF /* Assets.xcassets in Resources */ = {isa = PBXBuildFile; fileRef = D46423FD25EB75CD00297DBF /* Assets.xcassets */; };
		D464240125EB75CD00297DBF /* LaunchScreen.storyboard in Resources */ = {isa = PBXBuildFile; fileRef = D46423FF25EB75CD00297DBF /* LaunchScreen.storyboard */; };
		D4929C93261072960069845E /* BubbleSort.swift in Sources */ = {isa = PBXBuildFile; fileRef = D4929C92261072960069845E /* BubbleSort.swift */; };
		D4929C9826107BAA0069845E /* Info.swift in Sources */ = {isa = PBXBuildFile; fileRef = D4929C9726107BAA0069845E /* Info.swift */; };
		D4B417C62611B07C006B1AA1 /* Algorithm.swift in Sources */ = {isa = PBXBuildFile; fileRef = D4B417C52611B07C006B1AA1 /* Algorithm.swift */; };
		D4ECCD452612048800CF0FFC /* SelectionSort.swift in Sources */ = {isa = PBXBuildFile; fileRef = D4ECCD442612048800CF0FFC /* SelectionSort.swift */; };
		D4ECCD482612049A00CF0FFC /* InsertionSort.swift in Sources */ = {isa = PBXBuildFile; fileRef = D4ECCD472612049A00CF0FFC /* InsertionSort.swift */; };
		D4ECCD542612192600CF0FFC /* StupidSort.swift in Sources */ = {isa = PBXBuildFile; fileRef = D4ECCD532612192600CF0FFC /* StupidSort.swift */; };
		D4ECCD5826121F4300CF0FFC /* SearchViewController.swift in Sources */ = {isa = PBXBuildFile; fileRef = D4ECCD5726121F4300CF0FFC /* SearchViewController.swift */; };
		D4ECCD5B261222BD00CF0FFC /* LinearSearch.swift in Sources */ = {isa = PBXBuildFile; fileRef = D4ECCD5A261222BD00CF0FFC /* LinearSearch.swift */; };
		D4ECCD5E261222D000CF0FFC /* BinarySearch.swift in Sources */ = {isa = PBXBuildFile; fileRef = D4ECCD5D261222D000CF0FFC /* BinarySearch.swift */; };
/* End PBXBuildFile section */

/* Begin PBXFileReference section */
		801F9BB125F20CBB00D7FB85 /* CoreDataContainer.swift */ = {isa = PBXFileReference; lastKnownFileType = sourcecode.swift; path = CoreDataContainer.swift; sourceTree = "<group>"; };
		801F9BB525F2149E00D7FB85 /* AlgoViewController.swift */ = {isa = PBXFileReference; lastKnownFileType = sourcecode.swift; path = AlgoViewController.swift; sourceTree = "<group>"; };
		80F2FA4325F2A34F00CE39D2 /* TableViewCell.swift */ = {isa = PBXFileReference; lastKnownFileType = sourcecode.swift; path = TableViewCell.swift; sourceTree = "<group>"; };
		80F2FA4425F2A34F00CE39D2 /* TableViewCell.xib */ = {isa = PBXFileReference; lastKnownFileType = file.xib; path = TableViewCell.xib; sourceTree = "<group>"; };
		D45898D525F25A4900A36608 /* SceneDelegate.swift */ = {isa = PBXFileReference; fileEncoding = 4; lastKnownFileType = sourcecode.swift; path = SceneDelegate.swift; sourceTree = "<group>"; };
		D45FAB2225EBA6300097994E /* DataModel.xcdatamodel */ = {isa = PBXFileReference; lastKnownFileType = wrapper.xcdatamodel; path = DataModel.xcdatamodel; sourceTree = "<group>"; };
		D46423F125EB75C900297DBF /* VisuAlgOl.app */ = {isa = PBXFileReference; explicitFileType = wrapper.application; includeInIndex = 0; path = VisuAlgOl.app; sourceTree = BUILT_PRODUCTS_DIR; };
		D46423F425EB75C900297DBF /* AppDelegate.swift */ = {isa = PBXFileReference; lastKnownFileType = sourcecode.swift; path = AppDelegate.swift; sourceTree = "<group>"; };
		D46423F825EB75C900297DBF /* AlgorithmsListViewController.swift */ = {isa = PBXFileReference; lastKnownFileType = sourcecode.swift; path = AlgorithmsListViewController.swift; sourceTree = "<group>"; };
		D46423FB25EB75C900297DBF /* Base */ = {isa = PBXFileReference; lastKnownFileType = file.storyboard; name = Base; path = Base.lproj/Main.storyboard; sourceTree = "<group>"; };
		D46423FD25EB75CD00297DBF /* Assets.xcassets */ = {isa = PBXFileReference; lastKnownFileType = folder.assetcatalog; path = Assets.xcassets; sourceTree = "<group>"; };
		D464240025EB75CD00297DBF /* Base */ = {isa = PBXFileReference; lastKnownFileType = file.storyboard; name = Base; path = Base.lproj/LaunchScreen.storyboard; sourceTree = "<group>"; };
		D464240225EB75CD00297DBF /* Info.plist */ = {isa = PBXFileReference; lastKnownFileType = text.plist.xml; path = Info.plist; sourceTree = "<group>"; };
		D4929C92261072960069845E /* BubbleSort.swift */ = {isa = PBXFileReference; lastKnownFileType = sourcecode.swift; path = BubbleSort.swift; sourceTree = "<group>"; };
		D4929C9726107BAA0069845E /* Info.swift */ = {isa = PBXFileReference; lastKnownFileType = sourcecode.swift; path = Info.swift; sourceTree = "<group>"; };
		D4B417C52611B07C006B1AA1 /* Algorithm.swift */ = {isa = PBXFileReference; lastKnownFileType = sourcecode.swift; path = Algorithm.swift; sourceTree = "<group>"; };
		D4ECCD442612048800CF0FFC /* SelectionSort.swift */ = {isa = PBXFileReference; lastKnownFileType = sourcecode.swift; path = SelectionSort.swift; sourceTree = "<group>"; };
		D4ECCD472612049A00CF0FFC /* InsertionSort.swift */ = {isa = PBXFileReference; lastKnownFileType = sourcecode.swift; path = InsertionSort.swift; sourceTree = "<group>"; };
		D4ECCD532612192600CF0FFC /* StupidSort.swift */ = {isa = PBXFileReference; lastKnownFileType = sourcecode.swift; path = StupidSort.swift; sourceTree = "<group>"; };
		D4ECCD5726121F4300CF0FFC /* SearchViewController.swift */ = {isa = PBXFileReference; lastKnownFileType = sourcecode.swift; path = SearchViewController.swift; sourceTree = "<group>"; };
		D4ECCD5A261222BD00CF0FFC /* LinearSearch.swift */ = {isa = PBXFileReference; lastKnownFileType = sourcecode.swift; path = LinearSearch.swift; sourceTree = "<group>"; };
		D4ECCD5D261222D000CF0FFC /* BinarySearch.swift */ = {isa = PBXFileReference; lastKnownFileType = sourcecode.swift; path = BinarySearch.swift; sourceTree = "<group>"; };
/* End PBXFileReference section */

/* Begin PBXFrameworksBuildPhase section */
		D46423EE25EB75C900297DBF /* Frameworks */ = {
			isa = PBXFrameworksBuildPhase;
			buildActionMask = 2147483647;
			files = (
			);
			runOnlyForDeploymentPostprocessing = 0;
		};
/* End PBXFrameworksBuildPhase section */

/* Begin PBXGroup section */
		D45898E825F2A56E00A36608 /* Cell */ = {
			isa = PBXGroup;
			children = (
				80F2FA4325F2A34F00CE39D2 /* TableViewCell.swift */,
				80F2FA4425F2A34F00CE39D2 /* TableViewCell.xib */,
			);
			path = Cell;
			sourceTree = "<group>";
		};
		D45FAAF725EB918C0097994E /* Core Data */ = {
			isa = PBXGroup;
			children = (
				D45FAB2125EBA6300097994E /* DataModel.xcdatamodeld */,
				801F9BB125F20CBB00D7FB85 /* CoreDataContainer.swift */,
			);
			path = "Core Data";
			sourceTree = "<group>";
		};
		D45FAAF925EB919C0097994E /* Controllers */ = {
			isa = PBXGroup;
			children = (
				D46423F825EB75C900297DBF /* AlgorithmsListViewController.swift */,
				801F9BB525F2149E00D7FB85 /* AlgoViewController.swift */,
				D4ECCD5726121F4300CF0FFC /* SearchViewController.swift */,
			);
			path = Controllers;
			sourceTree = "<group>";
		};
		D45FAAFA25EB91AA0097994E /* Views */ = {
			isa = PBXGroup;
			children = (
				D46423FA25EB75C900297DBF /* Main.storyboard */,
			);
			path = Views;
			sourceTree = "<group>";
		};
		D45FAAFB25EB91B30097994E /* Supporting Files */ = {
			isa = PBXGroup;
			children = (
				D46423FD25EB75CD00297DBF /* Assets.xcassets */,
				D46423FF25EB75CD00297DBF /* LaunchScreen.storyboard */,
			);
			path = "Supporting Files";
			sourceTree = "<group>";
		};
		D46423E825EB75C900297DBF = {
			isa = PBXGroup;
			children = (
				D46423F325EB75C900297DBF /* VisuAlgOl */,
				D46423F225EB75C900297DBF /* Products */,
			);
			sourceTree = "<group>";
		};
		D46423F225EB75C900297DBF /* Products */ = {
			isa = PBXGroup;
			children = (
				D46423F125EB75C900297DBF /* VisuAlgOl.app */,
			);
			name = Products;
			sourceTree = "<group>";
		};
		D46423F325EB75C900297DBF /* VisuAlgOl */ = {
			isa = PBXGroup;
			children = (
				D464240225EB75CD00297DBF /* Info.plist */,
				D46423F425EB75C900297DBF /* AppDelegate.swift */,
				D45898D525F25A4900A36608 /* SceneDelegate.swift */,
				D45FAAF725EB918C0097994E /* Core Data */,
				D45898E825F2A56E00A36608 /* Cell */,
				D4ECCD4D2612061200CF0FFC /* Algorithms */,
				D4929C9726107BAA0069845E /* Info.swift */,
				D45FAAFA25EB91AA0097994E /* Views */,
				D45FAAF925EB919C0097994E /* Controllers */,
				D45FAAFB25EB91B30097994E /* Supporting Files */,
			);
			path = VisuAlgOl;
			sourceTree = "<group>";
		};
		D4ECCD4D2612061200CF0FFC /* Algorithms */ = {
			isa = PBXGroup;
			children = (
				D4B417C52611B07C006B1AA1 /* Algorithm.swift */,
				D4ECCD532612192600CF0FFC /* StupidSort.swift */,
				D4929C92261072960069845E /* BubbleSort.swift */,
				D4ECCD442612048800CF0FFC /* SelectionSort.swift */,
				D4ECCD472612049A00CF0FFC /* InsertionSort.swift */,
				D4ECCD5A261222BD00CF0FFC /* LinearSearch.swift */,
				D4ECCD5D261222D000CF0FFC /* BinarySearch.swift */,
			);
			path = Algorithms;
			sourceTree = "<group>";
		};
/* End PBXGroup section */

/* Begin PBXNativeTarget section */
		D46423F025EB75C900297DBF /* VisuAlgOl */ = {
			isa = PBXNativeTarget;
			buildConfigurationList = D464240525EB75CD00297DBF /* Build configuration list for PBXNativeTarget "VisuAlgOl" */;
			buildPhases = (
				D46423ED25EB75C900297DBF /* Sources */,
				D46423EE25EB75C900297DBF /* Frameworks */,
				D46423EF25EB75C900297DBF /* Resources */,
			);
			buildRules = (
			);
			dependencies = (
			);
			name = VisuAlgOl;
			productName = Todoey;
			productReference = D46423F125EB75C900297DBF /* VisuAlgOl.app */;
			productType = "com.apple.product-type.application";
		};
/* End PBXNativeTarget section */

/* Begin PBXProject section */
		D46423E925EB75C900297DBF /* Project object */ = {
			isa = PBXProject;
			attributes = {
				LastSwiftUpdateCheck = 1230;
				LastUpgradeCheck = 1230;
				TargetAttributes = {
					D46423F025EB75C900297DBF = {
						CreatedOnToolsVersion = 12.3;
					};
				};
			};
			buildConfigurationList = D46423EC25EB75C900297DBF /* Build configuration list for PBXProject "VisuAlgOl" */;
			compatibilityVersion = "Xcode 9.3";
			developmentRegion = en;
			hasScannedForEncodings = 0;
			knownRegions = (
				en,
				Base,
			);
			mainGroup = D46423E825EB75C900297DBF;
			productRefGroup = D46423F225EB75C900297DBF /* Products */;
			projectDirPath = "";
			projectRoot = "";
			targets = (
				D46423F025EB75C900297DBF /* VisuAlgOl */,
			);
		};
/* End PBXProject section */

/* Begin PBXResourcesBuildPhase section */
		D46423EF25EB75C900297DBF /* Resources */ = {
			isa = PBXResourcesBuildPhase;
			buildActionMask = 2147483647;
			files = (
				D464240125EB75CD00297DBF /* LaunchScreen.storyboard in Resources */,
				80F2FA4625F2A34F00CE39D2 /* TableViewCell.xib in Resources */,
				D46423FE25EB75CD00297DBF /* Assets.xcassets in Resources */,
				D46423FC25EB75C900297DBF /* Main.storyboard in Resources */,
			);
			runOnlyForDeploymentPostprocessing = 0;
		};
/* End PBXResourcesBuildPhase section */

/* Begin PBXSourcesBuildPhase section */
		D46423ED25EB75C900297DBF /* Sources */ = {
			isa = PBXSourcesBuildPhase;
			buildActionMask = 2147483647;
			files = (
				801F9BB225F20CBB00D7FB85 /* CoreDataContainer.swift in Sources */,
				D45FAB2325EBA6300097994E /* DataModel.xcdatamodeld in Sources */,
				D4ECCD542612192600CF0FFC /* StupidSort.swift in Sources */,
				801F9BB625F2149E00D7FB85 /* AlgoViewController.swift in Sources */,
				D4B417C62611B07C006B1AA1 /* Algorithm.swift in Sources */,
				D4ECCD452612048800CF0FFC /* SelectionSort.swift in Sources */,
				D4929C9826107BAA0069845E /* Info.swift in Sources */,
				D46423F925EB75C900297DBF /* AlgorithmsListViewController.swift in Sources */,
				D4ECCD5E261222D000CF0FFC /* BinarySearch.swift in Sources */,
				D4ECCD5826121F4300CF0FFC /* SearchViewController.swift in Sources */,
				D46423F525EB75C900297DBF /* AppDelegate.swift in Sources */,
				80F2FA4525F2A34F00CE39D2 /* TableViewCell.swift in Sources */,
				D4ECCD482612049A00CF0FFC /* InsertionSort.swift in Sources */,
				D4ECCD5B261222BD00CF0FFC /* LinearSearch.swift in Sources */,
				D45898D625F25A4900A36608 /* SceneDelegate.swift in Sources */,
				D4929C93261072960069845E /* BubbleSort.swift in Sources */,
			);
			runOnlyForDeploymentPostprocessing = 0;
		};
/* End PBXSourcesBuildPhase section */

/* Begin PBXVariantGroup section */
		D46423FA25EB75C900297DBF /* Main.storyboard */ = {
			isa = PBXVariantGroup;
			children = (
				D46423FB25EB75C900297DBF /* Base */,
			);
			name = Main.storyboard;
			sourceTree = "<group>";
		};
		D46423FF25EB75CD00297DBF /* LaunchScreen.storyboard */ = {
			isa = PBXVariantGroup;
			children = (
				D464240025EB75CD00297DBF /* Base */,
			);
			name = LaunchScreen.storyboard;
			sourceTree = "<group>";
		};
/* End PBXVariantGroup section */

/* Begin XCBuildConfiguration section */
		D464240325EB75CD00297DBF /* Debug */ = {
			isa = XCBuildConfiguration;
			buildSettings = {
				ALWAYS_SEARCH_USER_PATHS = NO;
				CLANG_ANALYZER_NONNULL = YES;
				CLANG_ANALYZER_NUMBER_OBJECT_CONVERSION = YES_AGGRESSIVE;
				CLANG_CXX_LANGUAGE_STANDARD = "gnu++14";
				CLANG_CXX_LIBRARY = "libc++";
				CLANG_ENABLE_MODULES = YES;
				CLANG_ENABLE_OBJC_ARC = YES;
				CLANG_ENABLE_OBJC_WEAK = YES;
				CLANG_WARN_BLOCK_CAPTURE_AUTORELEASING = YES;
				CLANG_WARN_BOOL_CONVERSION = YES;
				CLANG_WARN_COMMA = YES;
				CLANG_WARN_CONSTANT_CONVERSION = YES;
				CLANG_WARN_DEPRECATED_OBJC_IMPLEMENTATIONS = YES;
				CLANG_WARN_DIRECT_OBJC_ISA_USAGE = YES_ERROR;
				CLANG_WARN_DOCUMENTATION_COMMENTS = YES;
				CLANG_WARN_EMPTY_BODY = YES;
				CLANG_WARN_ENUM_CONVERSION = YES;
				CLANG_WARN_INFINITE_RECURSION = YES;
				CLANG_WARN_INT_CONVERSION = YES;
				CLANG_WARN_NON_LITERAL_NULL_CONVERSION = YES;
				CLANG_WARN_OBJC_IMPLICIT_RETAIN_SELF = YES;
				CLANG_WARN_OBJC_LITERAL_CONVERSION = YES;
				CLANG_WARN_OBJC_ROOT_CLASS = YES_ERROR;
				CLANG_WARN_QUOTED_INCLUDE_IN_FRAMEWORK_HEADER = YES;
				CLANG_WARN_RANGE_LOOP_ANALYSIS = YES;
				CLANG_WARN_STRICT_PROTOTYPES = YES;
				CLANG_WARN_SUSPICIOUS_MOVE = YES;
				CLANG_WARN_UNGUARDED_AVAILABILITY = YES_AGGRESSIVE;
				CLANG_WARN_UNREACHABLE_CODE = YES;
				CLANG_WARN__DUPLICATE_METHOD_MATCH = YES;
				COPY_PHASE_STRIP = NO;
				DEBUG_INFORMATION_FORMAT = dwarf;
				ENABLE_STRICT_OBJC_MSGSEND = YES;
				ENABLE_TESTABILITY = YES;
				GCC_C_LANGUAGE_STANDARD = gnu11;
				GCC_DYNAMIC_NO_PIC = NO;
				GCC_NO_COMMON_BLOCKS = YES;
				GCC_OPTIMIZATION_LEVEL = 0;
				GCC_PREPROCESSOR_DEFINITIONS = (
					"DEBUG=1",
					"$(inherited)",
				);
				GCC_WARN_64_TO_32_BIT_CONVERSION = YES;
				GCC_WARN_ABOUT_RETURN_TYPE = YES_ERROR;
				GCC_WARN_UNDECLARED_SELECTOR = YES;
				GCC_WARN_UNINITIALIZED_AUTOS = YES_AGGRESSIVE;
				GCC_WARN_UNUSED_FUNCTION = YES;
				GCC_WARN_UNUSED_VARIABLE = YES;
				IPHONEOS_DEPLOYMENT_TARGET = 14.3;
				MTL_ENABLE_DEBUG_INFO = INCLUDE_SOURCE;
				MTL_FAST_MATH = YES;
				ONLY_ACTIVE_ARCH = YES;
				SDKROOT = iphoneos;
				SWIFT_ACTIVE_COMPILATION_CONDITIONS = DEBUG;
				SWIFT_OPTIMIZATION_LEVEL = "-Onone";
			};
			name = Debug;
		};
		D464240425EB75CD00297DBF /* Release */ = {
			isa = XCBuildConfiguration;
			buildSettings = {
				ALWAYS_SEARCH_USER_PATHS = NO;
				CLANG_ANALYZER_NONNULL = YES;
				CLANG_ANALYZER_NUMBER_OBJECT_CONVERSION = YES_AGGRESSIVE;
				CLANG_CXX_LANGUAGE_STANDARD = "gnu++14";
				CLANG_CXX_LIBRARY = "libc++";
				CLANG_ENABLE_MODULES = YES;
				CLANG_ENABLE_OBJC_ARC = YES;
				CLANG_ENABLE_OBJC_WEAK = YES;
				CLANG_WARN_BLOCK_CAPTURE_AUTORELEASING = YES;
				CLANG_WARN_BOOL_CONVERSION = YES;
				CLANG_WARN_COMMA = YES;
				CLANG_WARN_CONSTANT_CONVERSION = YES;
				CLANG_WARN_DEPRECATED_OBJC_IMPLEMENTATIONS = YES;
				CLANG_WARN_DIRECT_OBJC_ISA_USAGE = YES_ERROR;
				CLANG_WARN_DOCUMENTATION_COMMENTS = YES;
				CLANG_WARN_EMPTY_BODY = YES;
				CLANG_WARN_ENUM_CONVERSION = YES;
				CLANG_WARN_INFINITE_RECURSION = YES;
				CLANG_WARN_INT_CONVERSION = YES;
				CLANG_WARN_NON_LITERAL_NULL_CONVERSION = YES;
				CLANG_WARN_OBJC_IMPLICIT_RETAIN_SELF = YES;
				CLANG_WARN_OBJC_LITERAL_CONVERSION = YES;
				CLANG_WARN_OBJC_ROOT_CLASS = YES_ERROR;
				CLANG_WARN_QUOTED_INCLUDE_IN_FRAMEWORK_HEADER = YES;
				CLANG_WARN_RANGE_LOOP_ANALYSIS = YES;
				CLANG_WARN_STRICT_PROTOTYPES = YES;
				CLANG_WARN_SUSPICIOUS_MOVE = YES;
				CLANG_WARN_UNGUARDED_AVAILABILITY = YES_AGGRESSIVE;
				CLANG_WARN_UNREACHABLE_CODE = YES;
				CLANG_WARN__DUPLICATE_METHOD_MATCH = YES;
				COPY_PHASE_STRIP = NO;
				DEBUG_INFORMATION_FORMAT = "dwarf-with-dsym";
				ENABLE_NS_ASSERTIONS = NO;
				ENABLE_STRICT_OBJC_MSGSEND = YES;
				GCC_C_LANGUAGE_STANDARD = gnu11;
				GCC_NO_COMMON_BLOCKS = YES;
				GCC_WARN_64_TO_32_BIT_CONVERSION = YES;
				GCC_WARN_ABOUT_RETURN_TYPE = YES_ERROR;
				GCC_WARN_UNDECLARED_SELECTOR = YES;
				GCC_WARN_UNINITIALIZED_AUTOS = YES_AGGRESSIVE;
				GCC_WARN_UNUSED_FUNCTION = YES;
				GCC_WARN_UNUSED_VARIABLE = YES;
				IPHONEOS_DEPLOYMENT_TARGET = 14.3;
				MTL_ENABLE_DEBUG_INFO = NO;
				MTL_FAST_MATH = YES;
				SDKROOT = iphoneos;
				SWIFT_COMPILATION_MODE = wholemodule;
				SWIFT_OPTIMIZATION_LEVEL = "-O";
				VALIDATE_PRODUCT = YES;
			};
			name = Release;
		};
		D464240625EB75CD00297DBF /* Debug */ = {
			isa = XCBuildConfiguration;
			buildSettings = {
				ASSETCATALOG_COMPILER_APPICON_NAME = AppIcon;
				ASSETCATALOG_COMPILER_GLOBAL_ACCENT_COLOR_NAME = AccentColor;
				CODE_SIGN_STYLE = Automatic;
				DEVELOPMENT_TEAM = 9K3958RPN8;
				INFOPLIST_FILE = VisuAlgOl/Info.plist;
				LD_RUNPATH_SEARCH_PATHS = (
					"$(inherited)",
					"@executable_path/Frameworks",
				);
				PRODUCT_BUNDLE_IDENTIFIER = com.igumnov.VisuAlgOl;
				PRODUCT_NAME = "$(TARGET_NAME)";
				SWIFT_VERSION = 5.0;
				TARGETED_DEVICE_FAMILY = "1,2";
			};
			name = Debug;
		};
		D464240725EB75CD00297DBF /* Release */ = {
			isa = XCBuildConfiguration;
			buildSettings = {
				ASSETCATALOG_COMPILER_APPICON_NAME = AppIcon;
				ASSETCATALOG_COMPILER_GLOBAL_ACCENT_COLOR_NAME = AccentColor;
				CODE_SIGN_STYLE = Automatic;
				DEVELOPMENT_TEAM = 9K3958RPN8;
				INFOPLIST_FILE = VisuAlgOl/Info.plist;
				LD_RUNPATH_SEARCH_PATHS = (
					"$(inherited)",
					"@executable_path/Frameworks",
				);
				PRODUCT_BUNDLE_IDENTIFIER = com.igumnov.VisuAlgOl;
				PRODUCT_NAME = "$(TARGET_NAME)";
				SWIFT_VERSION = 5.0;
				TARGETED_DEVICE_FAMILY = "1,2";
			};
			name = Release;
		};
/* End XCBuildConfiguration section */

/* Begin XCConfigurationList section */
		D46423EC25EB75C900297DBF /* Build configuration list for PBXProject "VisuAlgOl" */ = {
			isa = XCConfigurationList;
			buildConfigurations = (
				D464240325EB75CD00297DBF /* Debug */,
				D464240425EB75CD00297DBF /* Release */,
			);
			defaultConfigurationIsVisible = 0;
			defaultConfigurationName = Release;
		};
		D464240525EB75CD00297DBF /* Build configuration list for PBXNativeTarget "VisuAlgOl" */ = {
			isa = XCConfigurationList;
			buildConfigurations = (
				D464240625EB75CD00297DBF /* Debug */,
				D464240725EB75CD00297DBF /* Release */,
			);
			defaultConfigurationIsVisible = 0;
			defaultConfigurationName = Release;
		};
/* End XCConfigurationList section */

/* Begin XCVersionGroup section */
		D45FAB2125EBA6300097994E /* DataModel.xcdatamodeld */ = {
			isa = XCVersionGroup;
			children = (
				D45FAB2225EBA6300097994E /* DataModel.xcdatamodel */,
			);
			currentVersion = D45FAB2225EBA6300097994E /* DataModel.xcdatamodel */;
			path = DataModel.xcdatamodeld;
			sourceTree = "<group>";
			versionGroupType = wrapper.xcdatamodel;
		};
/* End XCVersionGroup section */
	};
	rootObject = D46423E925EB75C900297DBF /* Project object */;
}
